%{
  "ace": {:hex, :ace, "0.18.8", "9853110247f769e7d1600be7cd2abd638b53391c8c7b1ab11baad15184cb95d4", [:mix], [{:hpack, "~> 0.2.3", [hex: :hpack_erl, repo: "hexpm", optional: false]}, {:raxx, "~> 0.17.0 or ~> 0.18.0 or ~> 1.0", [hex: :raxx, repo: "hexpm", optional: false]}], "hexpm"},
  "algae": {:hex, :algae, "1.2.3", "6ec177482faa12573a7edc65380fe5c9cdfa52ab32e01d0753aa52425b220827", [:mix], [{:quark, "~> 2.3", [hex: :quark, repo: "hexpm", optional: false]}, {:type_class, "~> 1.2", [hex: :type_class, repo: "hexpm", optional: false]}, {:witchcraft, "~> 1.0", [hex: :witchcraft, repo: "hexpm", optional: false]}], "hexpm"},
  "argon2_elixir": {:hex, :argon2_elixir, "2.0.5", "0073a87d755c7e63fc4f9d08b1d1646585b93f144cecde126e15061b24240b20", [:make, :mix], [{:comeonin, "~> 5.1", [hex: :comeonin, repo: "hexpm", optional: false]}, {:elixir_make, "~> 0.5", [hex: :elixir_make, repo: "hexpm", optional: false]}], "hexpm"},
  "chacha20": {:hex, :chacha20, "1.0.2", "73c5e96eba5e94917603a43c5c7c6b049436a5d71d9d3182781c345d87d28c8b", [:mix], [], "hexpm"},
  "cmark": {:hex, :cmark, "0.7.0", "cf20106714b35801df3a2250a8ca478366f93ad6067df9d6815c80b2606ae01e", [:make, :mix], [], "hexpm"},
  "comeonin": {:hex, :comeonin, "5.1.2", "fbbbbbfcf0f0e9900c0336d16c8d462edf838ba1759577e29cc5fbd7c28a4540", [:mix], [], "hexpm"},
  "cookie": {:hex, :cookie, "0.1.1", "89438362ee0f0ed400e9f076d617d630f82d682e3fbcf767072a46a6e1ed5781", [:mix], [], "hexpm"},
  "curve25519": {:hex, :curve25519, "1.0.3", "101248eeb2ed28f1b8d2d423cf560bfc99f5e22bae5a2bb113fd24efad05fae1", [:mix], [], "hexpm"},
  "ed25519": {:hex, :ed25519, "1.3.1", "35a363527d1c85c773eae8b5e2dfe133c693c270a20e281a7021937929da5c2e", [:mix], [], "hexpm"},
  "eex_html": {:hex, :eex_html, "1.0.0", "c88020b584d5bfc48ef6c18176af2cfed558225fc5290b435e73119b8ce98ce0", [:mix], [{:jason, "~> 1.0", [hex: :jason, repo: "hexpm", optional: true]}], "hexpm"},
  "elixir_make": {:hex, :elixir_make, "0.5.2", "96a28c79f5b8d34879cd95ebc04d2a0d678cfbbd3e74c43cb63a76adf0ee8054", [:mix], [], "hexpm"},
  "equivalex": {:hex, :equivalex, "1.0.2", "b9a9aaf79f2556288f514218653beaddb15afa2af407bfec37c5c4906e39f514", [:mix], [], "hexpm"},
  "ex_sha3": {:hex, :ex_sha3, "0.1.1", "8972638de7ded220cb885d6a8889c0df9da0d581d25c3b1b94a85a226b6fe874", [:mix], [], "hexpm"},
  "exceptional": {:hex, :exceptional, "2.1.1", "f18f8c1be63aab7fe8f3000cf2a8678936544fc39af1e2bc4a5c3c9e38cd8899", [:mix], [], "hexpm"},
  "exsync": {:hex, :exsync, "0.2.3", "a1ac11b4bd3808706003dbe587902101fcc1387d9fc55e8b10972f13a563dd15", [:mix], [{:file_system, "~> 0.2", [hex: :file_system, repo: "hexpm", optional: false]}], "hexpm"},
  "file_system": {:hex, :file_system, "0.2.7", "e6f7f155970975789f26e77b8b8d8ab084c59844d8ecfaf58cbda31c494d14aa", [:mix], [], "hexpm"},
  "hpack": {:hex, :hpack_erl, "0.2.3", "17670f83ff984ae6cd74b1c456edde906d27ff013740ee4d9efaa4f1bf999633", [:rebar3], [], "hexpm"},
  "jason": {:hex, :jason, "1.1.2", "b03dedea67a99223a2eaf9f1264ce37154564de899fd3d8b9a21b1a6fd64afe7", [:mix], [{:decimal, "~> 1.0", [hex: :decimal, repo: "hexpm", optional: true]}], "hexpm"},
  "kcl": {:hex, :kcl, "1.1.1", "bf87dfe1996c351f6e11b1ba63581507afc24b14164480ae5c6612615b05475e", [:mix], [{:curve25519, ">= 1.0.2", [hex: :curve25519, repo: "hexpm", optional: false]}, {:ed25519, "~> 1.3", [hex: :ed25519, repo: "hexpm", optional: false]}, {:poly1305, "~> 1.0", [hex: :poly1305, repo: "hexpm", optional: false]}, {:salsa20, "~> 1.0", [hex: :salsa20, repo: "hexpm", optional: false]}], "hexpm"},
  "memento": {:hex, :memento, "0.3.1", "b2909390820550d8b90b68ec96f9e15ff8a45a28b6f97fa4a62ef50e87c2f9d9", [:mix], [], "hexpm"},
  "mime": {:hex, :mime, "1.3.1", "30ce04ab3175b6ad0bdce0035cba77bba68b813d523d1aac73d9781b4d193cf8", [:mix], [], "hexpm"},
  "operator": {:hex, :operator, "0.2.0", "b613bdb520a20dbc016d921d444fd2ef2212136be9385d6dca448a2a38d0577f", [:mix], [], "hexpm"},
  "poly1305": {:hex, :poly1305, "1.0.2", "c6bb74cbe79747cc12aa1580791c2bd8e0f062bc8faaf117b756e675cfaea03d", [:mix], [{:chacha20, "~> 1.0", [hex: :chacha20, repo: "hexpm", optional: false]}, {:equivalex, "~> 1.0", [hex: :equivalex, repo: "hexpm", optional: false]}], "hexpm"},
  "quark": {:hex, :quark, "2.3.0", "3742ddc14441b4930c7067741879cb5b3e4881f391ea0aed7b138f20d16b30bb", [:mix], [], "hexpm"},
  "raxx": {:hex, :raxx, "1.0.1", "8c51ec5227c85f999360fc844fc1d4e2e5a2adf2b0ce068eb56243ee6b2f65e3", [:mix], [], "hexpm"},
  "raxx_logger": {:hex, :raxx_logger, "0.2.2", "51bbce9371298e7329de028fe13cf050bf59547bc8f1926910d479ba4b31c4b4", [:mix], [{:raxx, "~> 0.17.5 or ~> 0.18.0 or ~> 1.0", [hex: :raxx, repo: "hexpm", optional: false]}], "hexpm"},
  "raxx_static": {:hex, :raxx_static, "0.8.3", "54022edeba731fa82f8c16fffe8a0c3f36bf55808aba7c3043922cb6b2951a1c", [:mix], [{:mime, "~> 1.1", [hex: :mime, repo: "hexpm", optional: false]}, {:raxx, "~> 0.17.0 or ~> 0.18.0 or ~> 1.0", [hex: :raxx, repo: "hexpm", optional: false]}], "hexpm"},
  "raxx_view": {:hex, :raxx_view, "0.1.7", "8e7edeafaa3d59743f24ac7684852040e9634b9882dcd6d17b5e1e926b4ed729", [:mix], [{:eex_html, "~> 0.2.1 or ~> 1.0", [hex: :eex_html, repo: "hexpm", optional: false]}, {:raxx, "~> 0.17.6 or ~> 0.18.0 or ~> 1.0", [hex: :raxx, repo: "hexpm", optional: false]}], "hexpm"},
  "salsa20": {:hex, :salsa20, "1.0.2", "558fddb4169b1f90b1748d42e9221ba8d1354c414a03361308cc7bc0fd2f45c7", [:mix], [], "hexpm"},
  "type_class": {:hex, :type_class, "1.2.5", "b972bb22202e801d83e8670228d9a1476cd2c9fc7da00b7039b19d6d06b17905", [:mix], [{:exceptional, "~> 2.1", [hex: :exceptional, repo: "hexpm", optional: false]}], "hexpm"},
  "uuid": {:hex, :uuid, "1.1.8", "e22fc04499de0de3ed1116b770c7737779f226ceefa0badb3592e64d5cfb4eb9", [:mix], [], "hexpm"},
  "witchcraft": {:hex, :witchcraft, "1.0.1", "5db4f9f92be480958a51bee01d3fd283a707576e5e0a0810d4442eac1f47e395", [:mix], [{:exceptional, "~> 2.1", [hex: :exceptional, repo: "hexpm", optional: false]}, {:operator, "~> 0.2", [hex: :operator, repo: "hexpm", optional: false]}, {:quark, "~> 2.2", [hex: :quark, repo: "hexpm", optional: false]}, {:type_class, "~> 1.2", [hex: :type_class, repo: "hexpm", optional: false]}], "hexpm"},
}
