{
  "requires": true,
  "lockfileVersion": 1,
  "dependencies": {
    "argon2-browser": {
      "version": "1.5.3",
      "resolved": "https://registry.npmjs.org/argon2-browser/-/argon2-browser-1.5.3.tgz",
      "integrity": "sha512-o3SFRwnztJ2eP6Ytaih+2sMQnotZlgOZD7Kf1623x+DyQaC6STAjh7hb6Xf0W1LdATTfY2Gwl+0a2+b1Y090ZQ=="
    },
    "blueimp-md5": {
      "version": "2.10.0",
      "resolved": "https://registry.npmjs.org/blueimp-md5/-/blueimp-md5-2.10.0.tgz",
      "integrity": "sha512-EkNUOi7tpV68TqjpiUz9D9NcT8um2+qtgntmMbi5UKssVX2m/2PLqotcric0RE63pB3HPN/fjf3cKHN2ufGSUQ=="
    },
    "jquery": {
      "version": "3.4.1",
      "resolved": "https://registry.npmjs.org/jquery/-/jquery-3.4.1.tgz",
      "integrity": "sha512-36+AdBzCL+y6qjw5Tx7HgzeGCzC81MDDgaUP8ld2zhx58HdqXGoBd+tHdrBMiyjGQs0Hxs/MLZTu/eHNJJuWPw=="
    },
    "libsodium": {
      "version": "0.7.4",
      "resolved": "https://registry.npmjs.org/libsodium/-/libsodium-0.7.4.tgz",
      "integrity": "sha512-fTU3vUdrxQzhPAAjmTSqKk4LzYbR0OtcYjp1P92AlH50JIxXZFEIXWh1yryCmU6RLGfwS2IzBdZjbmpYf/TlyQ=="
    },
    "libsodium-wrappers": {
      "version": "0.7.4",
      "resolved": "https://registry.npmjs.org/libsodium-wrappers/-/libsodium-wrappers-0.7.4.tgz",
      "integrity": "sha512-axKkW01L0q+urLeE7UMSZKWwk4LrRbi6s5pjKBAvbgDBYnsSaolK1oN/Syilm1dqJFkJQNi6qodwOp8dzSoc9Q==",
      "requires": {
        "libsodium": "0.7.4"
      }
    }
  }
}
